
Microsoft Visual Studio Solution File, Format Version 12.00
# Visual Studio 15
VisualStudioVersion = 15.0.28010.2046
MinimumVisualStudioVersion = 10.0.40219.1
Project("{FAE04EC0-301F-11D3-BF4B-00C04F79EFBC}") = "Booking", "Booking\Booking.csproj", "{E8DD852E-2F39-4A21-8726-107B4FF4B8CD}"
EndProject
Global
	GlobalSection(SolutionConfigurationPlatforms) = preSolution
		Debug|Any CPU = Debug|Any CPU
		Release|Any CPU = Release|Any CPU
	EndGlobalSection
	GlobalSection(ProjectConfigurationPlatforms) = postSolution
		{E8DD852E-2F39-4A21-8726-107B4FF4B8CD}.Debug|Any CPU.ActiveCfg = Debug|Any CPU
		{E8DD852E-2F39-4A21-8726-107B4FF4B8CD}.Debug|Any CPU.Build.0 = Debug|Any CPU
		{E8DD852E-2F39-4A21-8726-107B4FF4B8CD}.Release|Any CPU.ActiveCfg = Release|Any CPU
		{E8DD852E-2F39-4A21-8726-107B4FF4B8CD}.Release|Any CPU.Build.0 = Release|Any CPU
	EndGlobalSection
	GlobalSection(SolutionProperties) = preSolution
		HideSolutionNode = FALSE
	EndGlobalSection
	GlobalSection(ExtensibilityGlobals) = postSolution
		SolutionGuid = {5B9269B1-661C-4E58-930F-B357272C7DE0}
	EndGlobalSection
EndGlobal
